# This file is automatically @generated by Cargo.
# It is not intended for manual editing.
version = 4

[[package]]
name = "antex"
version = "0.2.3"
source = "registry+https://github.com/rust-lang/crates.io-index"
checksum = "687780ea2bbba1364204a233437806670f023d79becd25c40abdb2609c6a62ba"

[[package]]
name = "clars"
version = "0.3.0"
dependencies = [
 "antex",
]
